
Microsoft Visual Studio Solution File, Format Version 12.00
# Visual Studio 15
VisualStudioVersion = 15.0.28307.902
MinimumVisualStudioVersion = 10.0.40219.1
Project("{FAE04EC0-301F-11D3-BF4B-00C04F79EFBC}") = "App1.Android", "App1\App1.Android\App1.Android.csproj", "{F811ED84-15EF-424F-97B0-1AD02AD7E325}"
EndProject
Project("{FAE04EC0-301F-11D3-BF4B-00C04F79EFBC}") = "App1.iOS", "App1\App1.iOS\App1.iOS.csproj", "{A689DC75-7AF6-46F4-A6C6-8798368E8865}"
EndProject
Project("{FAE04EC0-301F-11D3-BF4B-00C04F79EFBC}") = "App1.UWP", "App1\App1.UWP\App1.UWP.csproj", "{52806486-1F37-4A95-890E-66FB774B316D}"
EndProject
Project("{FAE04EC0-301F-11D3-BF4B-00C04F79EFBC}") = "App1", "App1\App1\App1.csproj", "{1C33599A-BAC2-4441-9245-2D821B1588B9}"
EndProject
Global
	GlobalSection(SolutionConfigurationPlatforms) = preSolution
		Ad-Hoc|Any CPU = Ad-Hoc|Any CPU
		Ad-Hoc|ARM = Ad-Hoc|ARM
		Ad-Hoc|iPhone = Ad-Hoc|iPhone
		Ad-Hoc|iPhoneSimulator = Ad-Hoc|iPhoneSimulator
		Ad-Hoc|x64 = Ad-Hoc|x64
		Ad-Hoc|x86 = Ad-Hoc|x86
		AppStore|Any CPU = AppStore|Any CPU
		AppStore|ARM = AppStore|ARM
		AppStore|iPhone = AppStore|iPhone
		AppStore|iPhoneSimulator = AppStore|iPhoneSimulator
		AppStore|x64 = AppStore|x64
		AppStore|x86 = AppStore|x86
		Debug|Any CPU = Debug|Any CPU
		Debug|ARM = Debug|ARM
		Debug|iPhone = Debug|iPhone
		Debug|iPhoneSimulator = Debug|iPhoneSimulator
		Debug|x64 = Debug|x64
		Debug|x86 = Debug|x86
		Release|Any CPU = Release|Any CPU
		Release|ARM = Release|ARM
		Release|iPhone = Release|iPhone
		Release|iPhoneSimulator = Release|iPhoneSimulator
		Release|x64 = Release|x64
		Release|x86 = Release|x86
	EndGlobalSection
	GlobalSection(ProjectConfigurationPlatforms) = postSolution
		{F811ED84-15EF-424F-97B0-1AD02AD7E325}.Ad-Hoc|Any CPU.ActiveCfg = Release|Any CPU
		{F811ED84-15EF-424F-97B0-1AD02AD7E325}.Ad-Hoc|Any CPU.Build.0 = Release|Any CPU
		{F811ED84-15EF-424F-97B0-1AD02AD7E325}.Ad-Hoc|Any CPU.Deploy.0 = Release|Any CPU
		{F811ED84-15EF-424F-97B0-1AD02AD7E325}.Ad-Hoc|ARM.ActiveCfg = Release|Any CPU
		{F811ED84-15EF-424F-97B0-1AD02AD7E325}.Ad-Hoc|ARM.Build.0 = Release|Any CPU
		{F811ED84-15EF-424F-97B0-1AD02AD7E325}.Ad-Hoc|ARM.Deploy.0 = Release|Any CPU
		{F811ED84-15EF-424F-97B0-1AD02AD7E325}.Ad-Hoc|iPhone.ActiveCfg = Release|Any CPU
		{F811ED84-15EF-424F-97B0-1AD02AD7E325}.Ad-Hoc|iPhone.Build.0 = Release|Any CPU
		{F811ED84-15EF-424F-97B0-1AD02AD7E325}.Ad-Hoc|iPhone.Deploy.0 = Release|Any CPU
		{F811ED84-15EF-424F-97B0-1AD02AD7E325}.Ad-Hoc|iPhoneSimulator.ActiveCfg = Release|Any CPU
		{F811ED84-15EF-424F-97B0-1AD02AD7E325}.Ad-Hoc|iPhoneSimulator.Build.0 = Release|Any CPU
		{F811ED84-15EF-424F-97B0-1AD02AD7E325}.Ad-Hoc|iPhoneSimulator.Deploy.0 = Release|Any CPU
		{F811ED84-15EF-424F-97B0-1AD02AD7E325}.Ad-Hoc|x64.ActiveCfg = Release|Any CPU
		{F811ED84-15EF-424F-97B0-1AD02AD7E325}.Ad-Hoc|x64.Build.0 = Release|Any CPU
		{F811ED84-15EF-424F-97B0-1AD02AD7E325}.Ad-Hoc|x64.Deploy.0 = Release|Any CPU
		{F811ED84-15EF-424F-97B0-1AD02AD7E325}.Ad-Hoc|x86.ActiveCfg = Release|Any CPU
		{F811ED84-15EF-424F-97B0-1AD02AD7E325}.Ad-Hoc|x86.Build.0 = Release|Any CPU
		{F811ED84-15EF-424F-97B0-1AD02AD7E325}.Ad-Hoc|x86.Deploy.0 = Release|Any CPU
		{F811ED84-15EF-424F-97B0-1AD02AD7E325}.AppStore|Any CPU.ActiveCfg = Release|Any CPU
		{F811ED84-15EF-424F-97B0-1AD02AD7E325}.AppStore|Any CPU.Build.0 = Release|Any CPU
		{F811ED84-15EF-424F-97B0-1AD02AD7E325}.AppStore|Any CPU.Deploy.0 = Release|Any CPU
		{F811ED84-15EF-424F-97B0-1AD02AD7E325}.AppStore|ARM.ActiveCfg = Release|Any CPU
		{F811ED84-15EF-424F-97B0-1AD02AD7E325}.AppStore|ARM.Build.0 = Release|Any CPU
		{F811ED84-15EF-424F-97B0-1AD02AD7E325}.AppStore|ARM.Deploy.0 = Release|Any CPU
		{F811ED84-15EF-424F-97B0-1AD02AD7E325}.AppStore|iPhone.ActiveCfg = Release|Any CPU
		{F811ED84-15EF-424F-97B0-1AD02AD7E325}.AppStore|iPhone.Build.0 = Release|Any CPU
		{F811ED84-15EF-424F-97B0-1AD02AD7E325}.AppStore|iPhone.Deploy.0 = Release|Any CPU
		{F811ED84-15EF-424F-97B0-1AD02AD7E325}.AppStore|iPhoneSimulator.ActiveCfg = Release|Any CPU
		{F811ED84-15EF-424F-97B0-1AD02AD7E325}.AppStore|iPhoneSimulator.Build.0 = Release|Any CPU
		{F811ED84-15EF-424F-97B0-1AD02AD7E325}.AppStore|iPhoneSimulator.Deploy.0 = Release|Any CPU
		{F811ED84-15EF-424F-97B0-1AD02AD7E325}.AppStore|x64.ActiveCfg = Release|Any CPU
		{F811ED84-15EF-424F-97B0-1AD02AD7E325}.AppStore|x64.Build.0 = Release|Any CPU
		{F811ED84-15EF-424F-97B0-1AD02AD7E325}.AppStore|x64.Deploy.0 = Release|Any CPU
		{F811ED84-15EF-424F-97B0-1AD02AD7E325}.AppStore|x86.ActiveCfg = Release|Any CPU
		{F811ED84-15EF-424F-97B0-1AD02AD7E325}.AppStore|x86.Build.0 = Release|Any CPU
		{F811ED84-15EF-424F-97B0-1AD02AD7E325}.AppStore|x86.Deploy.0 = Release|Any CPU
		{F811ED84-15EF-424F-97B0-1AD02AD7E325}.Debug|Any CPU.ActiveCfg = Debug|Any CPU
		{F811ED84-15EF-424F-97B0-1AD02AD7E325}.Debug|Any CPU.Build.0 = Debug|Any CPU
		{F811ED84-15EF-424F-97B0-1AD02AD7E325}.Debug|Any CPU.Deploy.0 = Debug|Any CPU
		{F811ED84-15EF-424F-97B0-1AD02AD7E325}.Debug|ARM.ActiveCfg = Debug|Any CPU
		{F811ED84-15EF-424F-97B0-1AD02AD7E325}.Debug|ARM.Build.0 = Debug|Any CPU
		{F811ED84-15EF-424F-97B0-1AD02AD7E325}.Debug|ARM.Deploy.0 = Debug|Any CPU
		{F811ED84-15EF-424F-97B0-1AD02AD7E325}.Debug|iPhone.ActiveCfg = Debug|Any CPU
		{F811ED84-15EF-424F-97B0-1AD02AD7E325}.Debug|iPhone.Build.0 = Debug|Any CPU
		{F811ED84-15EF-424F-97B0-1AD02AD7E325}.Debug|iPhone.Deploy.0 = Debug|Any CPU
		{F811ED84-15EF-424F-97B0-1AD02AD7E325}.Debug|iPhoneSimulator.ActiveCfg = Debug|Any CPU
		{F811ED84-15EF-424F-97B0-1AD02AD7E325}.Debug|iPhoneSimulator.Build.0 = Debug|Any CPU
		{F811ED84-15EF-424F-97B0-1AD02AD7E325}.Debug|iPhoneSimulator.Deploy.0 = Debug|Any CPU
		{F811ED84-15EF-424F-97B0-1AD02AD7E325}.Debug|x64.ActiveCfg = Debug|Any CPU
		{F811ED84-15EF-424F-97B0-1AD02AD7E325}.Debug|x64.Build.0 = Debug|Any CPU
		{F811ED84-15EF-424F-97B0-1AD02AD7E325}.Debug|x64.Deploy.0 = Debug|Any CPU
		{F811ED84-15EF-424F-97B0-1AD02AD7E325}.Debug|x86.ActiveCfg = Debug|Any CPU
		{F811ED84-15EF-424F-97B0-1AD02AD7E325}.Debug|x86.Build.0 = Debug|Any CPU
		{F811ED84-15EF-424F-97B0-1AD02AD7E325}.Debug|x86.Deploy.0 = Debug|Any CPU
		{F811ED84-15EF-424F-97B0-1AD02AD7E325}.Release|Any CPU.ActiveCfg = Release|Any CPU
		{F811ED84-15EF-424F-97B0-1AD02AD7E325}.Release|Any CPU.Build.0 = Release|Any CPU
		{F811ED84-15EF-424F-97B0-1AD02AD7E325}.Release|Any CPU.Deploy.0 = Release|Any CPU
		{F811ED84-15EF-424F-97B0-1AD02AD7E325}.Release|ARM.ActiveCfg = Release|Any CPU
		{F811ED84-15EF-424F-97B0-1AD02AD7E325}.Release|ARM.Build.0 = Release|Any CPU
		{F811ED84-15EF-424F-97B0-1AD02AD7E325}.Release|ARM.Deploy.0 = Release|Any CPU
		{F811ED84-15EF-424F-97B0-1AD02AD7E325}.Release|iPhone.ActiveCfg = Release|Any CPU
		{F811ED84-15EF-424F-97B0-1AD02AD7E325}.Release|iPhone.Build.0 = Release|Any CPU
		{F811ED84-15EF-424F-97B0-1AD02AD7E325}.Release|iPhone.Deploy.0 = Release|Any CPU
		{F811ED84-15EF-424F-97B0-1AD02AD7E325}.Release|iPhoneSimulator.ActiveCfg = Release|Any CPU
		{F811ED84-15EF-424F-97B0-1AD02AD7E325}.Release|iPhoneSimulator.Build.0 = Release|Any CPU
		{F811ED84-15EF-424F-97B0-1AD02AD7E325}.Release|iPhoneSimulator.Deploy.0 = Release|Any CPU
		{F811ED84-15EF-424F-97B0-1AD02AD7E325}.Release|x64.ActiveCfg = Release|Any CPU
		{F811ED84-15EF-424F-97B0-1AD02AD7E325}.Release|x64.Build.0 = Release|Any CPU
		{F811ED84-15EF-424F-97B0-1AD02AD7E325}.Release|x64.Deploy.0 = Release|Any CPU
		{F811ED84-15EF-424F-97B0-1AD02AD7E325}.Release|x86.ActiveCfg = Release|Any CPU
		{F811ED84-15EF-424F-97B0-1AD02AD7E325}.Release|x86.Build.0 = Release|Any CPU
		{F811ED84-15EF-424F-97B0-1AD02AD7E325}.Release|x86.Deploy.0 = Release|Any CPU
		{A689DC75-7AF6-46F4-A6C6-8798368E8865}.Ad-Hoc|Any CPU.ActiveCfg = Ad-Hoc|iPhone
		{A689DC75-7AF6-46F4-A6C6-8798368E8865}.Ad-Hoc|Any CPU.Build.0 = Ad-Hoc|iPhone
		{A689DC75-7AF6-46F4-A6C6-8798368E8865}.Ad-Hoc|Any CPU.Deploy.0 = Ad-Hoc|iPhone
		{A689DC75-7AF6-46F4-A6C6-8798368E8865}.Ad-Hoc|ARM.ActiveCfg = Ad-Hoc|iPhone
		{A689DC75-7AF6-46F4-A6C6-8798368E8865}.Ad-Hoc|ARM.Build.0 = Ad-Hoc|iPhone
		{A689DC75-7AF6-46F4-A6C6-8798368E8865}.Ad-Hoc|ARM.Deploy.0 = Ad-Hoc|iPhone
		{A689DC75-7AF6-46F4-A6C6-8798368E8865}.Ad-Hoc|iPhone.ActiveCfg = Ad-Hoc|iPhone
		{A689DC75-7AF6-46F4-A6C6-8798368E8865}.Ad-Hoc|iPhone.Build.0 = Ad-Hoc|iPhone
		{A689DC75-7AF6-46F4-A6C6-8798368E8865}.Ad-Hoc|iPhone.Deploy.0 = Ad-Hoc|iPhone
		{A689DC75-7AF6-46F4-A6C6-8798368E8865}.Ad-Hoc|iPhoneSimulator.ActiveCfg = Ad-Hoc|iPhoneSimulator
		{A689DC75-7AF6-46F4-A6C6-8798368E8865}.Ad-Hoc|iPhoneSimulator.Build.0 = Ad-Hoc|iPhoneSimulator
		{A689DC75-7AF6-46F4-A6C6-8798368E8865}.Ad-Hoc|iPhoneSimulator.Deploy.0 = Ad-Hoc|iPhoneSimulator
		{A689DC75-7AF6-46F4-A6C6-8798368E8865}.Ad-Hoc|x64.ActiveCfg = Ad-Hoc|iPhone
		{A689DC75-7AF6-46F4-A6C6-8798368E8865}.Ad-Hoc|x64.Build.0 = Ad-Hoc|iPhone
		{A689DC75-7AF6-46F4-A6C6-8798368E8865}.Ad-Hoc|x64.Deploy.0 = Ad-Hoc|iPhone
		{A689DC75-7AF6-46F4-A6C6-8798368E8865}.Ad-Hoc|x86.ActiveCfg = Ad-Hoc|iPhone
		{A689DC75-7AF6-46F4-A6C6-8798368E8865}.Ad-Hoc|x86.Build.0 = Ad-Hoc|iPhone
		{A689DC75-7AF6-46F4-A6C6-8798368E8865}.Ad-Hoc|x86.Deploy.0 = Ad-Hoc|iPhone
		{A689DC75-7AF6-46F4-A6C6-8798368E8865}.AppStore|Any CPU.ActiveCfg = AppStore|iPhone
		{A689DC75-7AF6-46F4-A6C6-8798368E8865}.AppStore|Any CPU.Build.0 = AppStore|iPhone
		{A689DC75-7AF6-46F4-A6C6-8798368E8865}.AppStore|Any CPU.Deploy.0 = AppStore|iPhone
		{A689DC75-7AF6-46F4-A6C6-8798368E8865}.AppStore|ARM.ActiveCfg = AppStore|iPhone
		{A689DC75-7AF6-46F4-A6C6-8798368E8865}.AppStore|ARM.Build.0 = AppStore|iPhone
		{A689DC75-7AF6-46F4-A6C6-8798368E8865}.AppStore|ARM.Deploy.0 = AppStore|iPhone
		{A689DC75-7AF6-46F4-A6C6-8798368E8865}.AppStore|iPhone.ActiveCfg = AppStore|iPhone
		{A689DC75-7AF6-46F4-A6C6-8798368E8865}.AppStore|iPhone.Build.0 = AppStore|iPhone
		{A689DC75-7AF6-46F4-A6C6-8798368E8865}.AppStore|iPhone.Deploy.0 = AppStore|iPhone
		{A689DC75-7AF6-46F4-A6C6-8798368E8865}.AppStore|iPhoneSimulator.ActiveCfg = AppStore|iPhoneSimulator
		{A689DC75-7AF6-46F4-A6C6-8798368E8865}.AppStore|iPhoneSimulator.Build.0 = AppStore|iPhoneSimulator
		{A689DC75-7AF6-46F4-A6C6-8798368E8865}.AppStore|iPhoneSimulator.Deploy.0 = AppStore|iPhoneSimulator
		{A689DC75-7AF6-46F4-A6C6-8798368E8865}.AppStore|x64.ActiveCfg = AppStore|iPhone
		{A689DC75-7AF6-46F4-A6C6-8798368E8865}.AppStore|x64.Build.0 = AppStore|iPhone
		{A689DC75-7AF6-46F4-A6C6-8798368E8865}.AppStore|x64.Deploy.0 = AppStore|iPhone
		{A689DC75-7AF6-46F4-A6C6-8798368E8865}.AppStore|x86.ActiveCfg = AppStore|iPhone
		{A689DC75-7AF6-46F4-A6C6-8798368E8865}.AppStore|x86.Build.0 = AppStore|iPhone
		{A689DC75-7AF6-46F4-A6C6-8798368E8865}.AppStore|x86.Deploy.0 = AppStore|iPhone
		{A689DC75-7AF6-46F4-A6C6-8798368E8865}.Debug|Any CPU.ActiveCfg = Debug|iPhoneSimulator
		{A689DC75-7AF6-46F4-A6C6-8798368E8865}.Debug|Any CPU.Build.0 = Debug|iPhoneSimulator
		{A689DC75-7AF6-46F4-A6C6-8798368E8865}.Debug|Any CPU.Deploy.0 = Debug|iPhoneSimulator
		{A689DC75-7AF6-46F4-A6C6-8798368E8865}.Debug|ARM.ActiveCfg = Debug|iPhone
		{A689DC75-7AF6-46F4-A6C6-8798368E8865}.Debug|ARM.Build.0 = Debug|iPhone
		{A689DC75-7AF6-46F4-A6C6-8798368E8865}.Debug|ARM.Deploy.0 = Debug|iPhone
		{A689DC75-7AF6-46F4-A6C6-8798368E8865}.Debug|iPhone.ActiveCfg = Debug|iPhone
		{A689DC75-7AF6-46F4-A6C6-8798368E8865}.Debug|iPhone.Build.0 = Debug|iPhone
		{A689DC75-7AF6-46F4-A6C6-8798368E8865}.Debug|iPhone.Deploy.0 = Debug|iPhone
		{A689DC75-7AF6-46F4-A6C6-8798368E8865}.Debug|iPhoneSimulator.ActiveCfg = Debug|iPhoneSimulator
		{A689DC75-7AF6-46F4-A6C6-8798368E8865}.Debug|iPhoneSimulator.Build.0 = Debug|iPhoneSimulator
		{A689DC75-7AF6-46F4-A6C6-8798368E8865}.Debug|iPhoneSimulator.Deploy.0 = Debug|iPhoneSimulator
		{A689DC75-7AF6-46F4-A6C6-8798368E8865}.Debug|x64.ActiveCfg = Debug|iPhone
		{A689DC75-7AF6-46F4-A6C6-8798368E8865}.Debug|x64.Build.0 = Debug|iPhone
		{A689DC75-7AF6-46F4-A6C6-8798368E8865}.Debug|x64.Deploy.0 = Debug|iPhone
		{A689DC75-7AF6-46F4-A6C6-8798368E8865}.Debug|x86.ActiveCfg = Debug|iPhone
		{A689DC75-7AF6-46F4-A6C6-8798368E8865}.Debug|x86.Build.0 = Debug|iPhone
		{A689DC75-7AF6-46F4-A6C6-8798368E8865}.Debug|x86.Deploy.0 = Debug|iPhone
		{A689DC75-7AF6-46F4-A6C6-8798368E8865}.Release|Any CPU.ActiveCfg = Release|iPhone
		{A689DC75-7AF6-46F4-A6C6-8798368E8865}.Release|Any CPU.Build.0 = Release|iPhone
		{A689DC75-7AF6-46F4-A6C6-8798368E8865}.Release|Any CPU.Deploy.0 = Release|iPhone
		{A689DC75-7AF6-46F4-A6C6-8798368E8865}.Release|ARM.ActiveCfg = Release|iPhone
		{A689DC75-7AF6-46F4-A6C6-8798368E8865}.Release|ARM.Build.0 = Release|iPhone
		{A689DC75-7AF6-46F4-A6C6-8798368E8865}.Release|ARM.Deploy.0 = Release|iPhone
		{A689DC75-7AF6-46F4-A6C6-8798368E8865}.Release|iPhone.ActiveCfg = Release|iPhone
		{A689DC75-7AF6-46F4-A6C6-8798368E8865}.Release|iPhone.Build.0 = Release|iPhone
		{A689DC75-7AF6-46F4-A6C6-8798368E8865}.Release|iPhone.Deploy.0 = Release|iPhone
		{A689DC75-7AF6-46F4-A6C6-8798368E8865}.Release|iPhoneSimulator.ActiveCfg = Release|iPhoneSimulator
		{A689DC75-7AF6-46F4-A6C6-8798368E8865}.Release|iPhoneSimulator.Build.0 = Release|iPhoneSimulator
		{A689DC75-7AF6-46F4-A6C6-8798368E8865}.Release|iPhoneSimulator.Deploy.0 = Release|iPhoneSimulator
		{A689DC75-7AF6-46F4-A6C6-8798368E8865}.Release|x64.ActiveCfg = Release|iPhone
		{A689DC75-7AF6-46F4-A6C6-8798368E8865}.Release|x64.Build.0 = Release|iPhone
		{A689DC75-7AF6-46F4-A6C6-8798368E8865}.Release|x64.Deploy.0 = Release|iPhone
		{A689DC75-7AF6-46F4-A6C6-8798368E8865}.Release|x86.ActiveCfg = Release|iPhone
		{A689DC75-7AF6-46F4-A6C6-8798368E8865}.Release|x86.Build.0 = Release|iPhone
		{A689DC75-7AF6-46F4-A6C6-8798368E8865}.Release|x86.Deploy.0 = Release|iPhone
		{52806486-1F37-4A95-890E-66FB774B316D}.Ad-Hoc|Any CPU.ActiveCfg = Release|x86
		{52806486-1F37-4A95-890E-66FB774B316D}.Ad-Hoc|Any CPU.Build.0 = Release|x86
		{52806486-1F37-4A95-890E-66FB774B316D}.Ad-Hoc|Any CPU.Deploy.0 = Release|x86
		{52806486-1F37-4A95-890E-66FB774B316D}.Ad-Hoc|ARM.ActiveCfg = Release|ARM
		{52806486-1F37-4A95-890E-66FB774B316D}.Ad-Hoc|ARM.Build.0 = Release|ARM
		{52806486-1F37-4A95-890E-66FB774B316D}.Ad-Hoc|ARM.Deploy.0 = Release|ARM
		{52806486-1F37-4A95-890E-66FB774B316D}.Ad-Hoc|iPhone.ActiveCfg = Release|x86
		{52806486-1F37-4A95-890E-66FB774B316D}.Ad-Hoc|iPhone.Build.0 = Release|x86
		{52806486-1F37-4A95-890E-66FB774B316D}.Ad-Hoc|iPhone.Deploy.0 = Release|x86
		{52806486-1F37-4A95-890E-66FB774B316D}.Ad-Hoc|iPhoneSimulator.ActiveCfg = Release|x86
		{52806486-1F37-4A95-890E-66FB774B316D}.Ad-Hoc|iPhoneSimulator.Build.0 = Release|x86
		{52806486-1F37-4A95-890E-66FB774B316D}.Ad-Hoc|iPhoneSimulator.Deploy.0 = Release|x86
		{52806486-1F37-4A95-890E-66FB774B316D}.Ad-Hoc|x64.ActiveCfg = Release|x64
		{52806486-1F37-4A95-890E-66FB774B316D}.Ad-Hoc|x64.Build.0 = Release|x64
		{52806486-1F37-4A95-890E-66FB774B316D}.Ad-Hoc|x64.Deploy.0 = Release|x64
		{52806486-1F37-4A95-890E-66FB774B316D}.Ad-Hoc|x86.ActiveCfg = Release|x86
		{52806486-1F37-4A95-890E-66FB774B316D}.Ad-Hoc|x86.Build.0 = Release|x86
		{52806486-1F37-4A95-890E-66FB774B316D}.Ad-Hoc|x86.Deploy.0 = Release|x86
		{52806486-1F37-4A95-890E-66FB774B316D}.AppStore|Any CPU.ActiveCfg = Release|x86
		{52806486-1F37-4A95-890E-66FB774B316D}.AppStore|Any CPU.Build.0 = Release|x86
		{52806486-1F37-4A95-890E-66FB774B316D}.AppStore|Any CPU.Deploy.0 = Release|x86
		{52806486-1F37-4A95-890E-66FB774B316D}.AppStore|ARM.ActiveCfg = Release|ARM
		{52806486-1F37-4A95-890E-66FB774B316D}.AppStore|ARM.Build.0 = Release|ARM
		{52806486-1F37-4A95-890E-66FB774B316D}.AppStore|ARM.Deploy.0 = Release|ARM
		{52806486-1F37-4A95-890E-66FB774B316D}.AppStore|iPhone.ActiveCfg = Release|x86
		{52806486-1F37-4A95-890E-66FB774B316D}.AppStore|iPhone.Build.0 = Release|x86
		{52806486-1F37-4A95-890E-66FB774B316D}.AppStore|iPhone.Deploy.0 = Release|x86
		{52806486-1F37-4A95-890E-66FB774B316D}.AppStore|iPhoneSimulator.ActiveCfg = Release|x86
		{52806486-1F37-4A95-890E-66FB774B316D}.AppStore|iPhoneSimulator.Build.0 = Release|x86
		{52806486-1F37-4A95-890E-66FB774B316D}.AppStore|iPhoneSimulator.Deploy.0 = Release|x86
		{52806486-1F37-4A95-890E-66FB774B316D}.AppStore|x64.ActiveCfg = Release|x64
		{52806486-1F37-4A95-890E-66FB774B316D}.AppStore|x64.Build.0 = Release|x64
		{52806486-1F37-4A95-890E-66FB774B316D}.AppStore|x64.Deploy.0 = Release|x64
		{52806486-1F37-4A95-890E-66FB774B316D}.AppStore|x86.ActiveCfg = Release|x86
		{52806486-1F37-4A95-890E-66FB774B316D}.AppStore|x86.Build.0 = Release|x86
		{52806486-1F37-4A95-890E-66FB774B316D}.AppStore|x86.Deploy.0 = Release|x86
		{52806486-1F37-4A95-890E-66FB774B316D}.Debug|Any CPU.ActiveCfg = Debug|x86
		{52806486-1F37-4A95-890E-66FB774B316D}.Debug|Any CPU.Build.0 = Debug|x86
		{52806486-1F37-4A95-890E-66FB774B316D}.Debug|Any CPU.Deploy.0 = Debug|x86
		{52806486-1F37-4A95-890E-66FB774B316D}.Debug|ARM.ActiveCfg = Debug|ARM
		{52806486-1F37-4A95-890E-66FB774B316D}.Debug|ARM.Build.0 = Debug|ARM
		{52806486-1F37-4A95-890E-66FB774B316D}.Debug|ARM.Deploy.0 = Debug|ARM
		{52806486-1F37-4A95-890E-66FB774B316D}.Debug|iPhone.ActiveCfg = Debug|x86
		{52806486-1F37-4A95-890E-66FB774B316D}.Debug|iPhone.Build.0 = Debug|x86
		{52806486-1F37-4A95-890E-66FB774B316D}.Debug|iPhone.Deploy.0 = Debug|x86
		{52806486-1F37-4A95-890E-66FB774B316D}.Debug|iPhoneSimulator.ActiveCfg = Debug|x86
		{52806486-1F37-4A95-890E-66FB774B316D}.Debug|iPhoneSimulator.Build.0 = Debug|x86
		{52806486-1F37-4A95-890E-66FB774B316D}.Debug|iPhoneSimulator.Deploy.0 = Debug|x86
		{52806486-1F37-4A95-890E-66FB774B316D}.Debug|x64.ActiveCfg = Debug|x64
		{52806486-1F37-4A95-890E-66FB774B316D}.Debug|x64.Build.0 = Debug|x64
		{52806486-1F37-4A95-890E-66FB774B316D}.Debug|x64.Deploy.0 = Debug|x64
		{52806486-1F37-4A95-890E-66FB774B316D}.Debug|x86.ActiveCfg = Debug|x86
		{52806486-1F37-4A95-890E-66FB774B316D}.Debug|x86.Build.0 = Debug|x86
		{52806486-1F37-4A95-890E-66FB774B316D}.Debug|x86.Deploy.0 = Debug|x86
		{52806486-1F37-4A95-890E-66FB774B316D}.Release|Any CPU.ActiveCfg = Release|x86
		{52806486-1F37-4A95-890E-66FB774B316D}.Release|Any CPU.Build.0 = Release|x86
		{52806486-1F37-4A95-890E-66FB774B316D}.Release|Any CPU.Deploy.0 = Release|x86
		{52806486-1F37-4A95-890E-66FB774B316D}.Release|ARM.ActiveCfg = Release|ARM
		{52806486-1F37-4A95-890E-66FB774B316D}.Release|ARM.Build.0 = Release|ARM
		{52806486-1F37-4A95-890E-66FB774B316D}.Release|ARM.Deploy.0 = Release|ARM
		{52806486-1F37-4A95-890E-66FB774B316D}.Release|iPhone.ActiveCfg = Release|x86
		{52806486-1F37-4A95-890E-66FB774B316D}.Release|iPhone.Build.0 = Release|x86
		{52806486-1F37-4A95-890E-66FB774B316D}.Release|iPhone.Deploy.0 = Release|x86
		{52806486-1F37-4A95-890E-66FB774B316D}.Release|iPhoneSimulator.ActiveCfg = Release|x86
		{52806486-1F37-4A95-890E-66FB774B316D}.Release|iPhoneSimulator.Build.0 = Release|x86
		{52806486-1F37-4A95-890E-66FB774B316D}.Release|iPhoneSimulator.Deploy.0 = Release|x86
		{52806486-1F37-4A95-890E-66FB774B316D}.Release|x64.ActiveCfg = Release|x64
		{52806486-1F37-4A95-890E-66FB774B316D}.Release|x64.Build.0 = Release|x64
		{52806486-1F37-4A95-890E-66FB774B316D}.Release|x64.Deploy.0 = Release|x64
		{52806486-1F37-4A95-890E-66FB774B316D}.Release|x86.ActiveCfg = Release|x86
		{52806486-1F37-4A95-890E-66FB774B316D}.Release|x86.Build.0 = Release|x86
		{52806486-1F37-4A95-890E-66FB774B316D}.Release|x86.Deploy.0 = Release|x86
		{1C33599A-BAC2-4441-9245-2D821B1588B9}.Ad-Hoc|Any CPU.ActiveCfg = Debug|Any CPU
		{1C33599A-BAC2-4441-9245-2D821B1588B9}.Ad-Hoc|Any CPU.Build.0 = Debug|Any CPU
		{1C33599A-BAC2-4441-9245-2D821B1588B9}.Ad-Hoc|Any CPU.Deploy.0 = Debug|Any CPU
		{1C33599A-BAC2-4441-9245-2D821B1588B9}.Ad-Hoc|ARM.ActiveCfg = Debug|Any CPU
		{1C33599A-BAC2-4441-9245-2D821B1588B9}.Ad-Hoc|ARM.Build.0 = Debug|Any CPU
		{1C33599A-BAC2-4441-9245-2D821B1588B9}.Ad-Hoc|ARM.Deploy.0 = Debug|Any CPU
		{1C33599A-BAC2-4441-9245-2D821B1588B9}.Ad-Hoc|iPhone.ActiveCfg = Debug|Any CPU
		{1C33599A-BAC2-4441-9245-2D821B1588B9}.Ad-Hoc|iPhone.Build.0 = Debug|Any CPU
		{1C33599A-BAC2-4441-9245-2D821B1588B9}.Ad-Hoc|iPhone.Deploy.0 = Debug|Any CPU
		{1C33599A-BAC2-4441-9245-2D821B1588B9}.Ad-Hoc|iPhoneSimulator.ActiveCfg = Debug|Any CPU
		{1C33599A-BAC2-4441-9245-2D821B1588B9}.Ad-Hoc|iPhoneSimulator.Build.0 = Debug|Any CPU
		{1C33599A-BAC2-4441-9245-2D821B1588B9}.Ad-Hoc|iPhoneSimulator.Deploy.0 = Debug|Any CPU
		{1C33599A-BAC2-4441-9245-2D821B1588B9}.Ad-Hoc|x64.ActiveCfg = Debug|Any CPU
		{1C33599A-BAC2-4441-9245-2D821B1588B9}.Ad-Hoc|x64.Build.0 = Debug|Any CPU
		{1C33599A-BAC2-4441-9245-2D821B1588B9}.Ad-Hoc|x64.Deploy.0 = Debug|Any CPU
		{1C33599A-BAC2-4441-9245-2D821B1588B9}.Ad-Hoc|x86.ActiveCfg = Debug|Any CPU
		{1C33599A-BAC2-4441-9245-2D821B1588B9}.Ad-Hoc|x86.Build.0 = Debug|Any CPU
		{1C33599A-BAC2-4441-9245-2D821B1588B9}.Ad-Hoc|x86.Deploy.0 = Debug|Any CPU
		{1C33599A-BAC2-4441-9245-2D821B1588B9}.AppStore|Any CPU.ActiveCfg = Debug|Any CPU
		{1C33599A-BAC2-4441-9245-2D821B1588B9}.AppStore|Any CPU.Build.0 = Debug|Any CPU
		{1C33599A-BAC2-4441-9245-2D821B1588B9}.AppStore|Any CPU.Deploy.0 = Debug|Any CPU
		{1C33599A-BAC2-4441-9245-2D821B1588B9}.AppStore|ARM.ActiveCfg = Debug|Any CPU
		{1C33599A-BAC2-4441-9245-2D821B1588B9}.AppStore|ARM.Build.0 = Debug|Any CPU
		{1C33599A-BAC2-4441-9245-2D821B1588B9}.AppStore|ARM.Deploy.0 = Debug|Any CPU
		{1C33599A-BAC2-4441-9245-2D821B1588B9}.AppStore|iPhone.ActiveCfg = Debug|Any CPU
		{1C33599A-BAC2-4441-9245-2D821B1588B9}.AppStore|iPhone.Build.0 = Debug|Any CPU
		{1C33599A-BAC2-4441-9245-2D821B1588B9}.AppStore|iPhone.Deploy.0 = Debug|Any CPU
		{1C33599A-BAC2-4441-9245-2D821B1588B9}.AppStore|iPhoneSimulator.ActiveCfg = Debug|Any CPU
		{1C33599A-BAC2-4441-9245-2D821B1588B9}.AppStore|iPhoneSimulator.Build.0 = Debug|Any CPU
		{1C33599A-BAC2-4441-9245-2D821B1588B9}.AppStore|iPhoneSimulator.Deploy.0 = Debug|Any CPU
		{1C33599A-BAC2-4441-9245-2D821B1588B9}.AppStore|x64.ActiveCfg = Debug|Any CPU
		{1C33599A-BAC2-4441-9245-2D821B1588B9}.AppStore|x64.Build.0 = Debug|Any CPU
		{1C33599A-BAC2-4441-9245-2D821B1588B9}.AppStore|x64.Deploy.0 = Debug|Any CPU
		{1C33599A-BAC2-4441-9245-2D821B1588B9}.AppStore|x86.ActiveCfg = Debug|Any CPU
		{1C33599A-BAC2-4441-9245-2D821B1588B9}.AppStore|x86.Build.0 = Debug|Any CPU
		{1C33599A-BAC2-4441-9245-2D821B1588B9}.AppStore|x86.Deploy.0 = Debug|Any CPU
		{1C33599A-BAC2-4441-9245-2D821B1588B9}.Debug|Any CPU.ActiveCfg = Debug|Any CPU
		{1C33599A-BAC2-4441-9245-2D821B1588B9}.Debug|Any CPU.Build.0 = Debug|Any CPU
		{1C33599A-BAC2-4441-9245-2D821B1588B9}.Debug|Any CPU.Deploy.0 = Debug|Any CPU
		{1C33599A-BAC2-4441-9245-2D821B1588B9}.Debug|ARM.ActiveCfg = Debug|Any CPU
		{1C33599A-BAC2-4441-9245-2D821B1588B9}.Debug|ARM.Build.0 = Debug|Any CPU
		{1C33599A-BAC2-4441-9245-2D821B1588B9}.Debug|ARM.Deploy.0 = Debug|Any CPU
		{1C33599A-BAC2-4441-9245-2D821B1588B9}.Debug|iPhone.ActiveCfg = Debug|Any CPU
		{1C33599A-BAC2-4441-9245-2D821B1588B9}.Debug|iPhone.Build.0 = Debug|Any CPU
		{1C33599A-BAC2-4441-9245-2D821B1588B9}.Debug|iPhone.Deploy.0 = Debug|Any CPU
		{1C33599A-BAC2-4441-9245-2D821B1588B9}.Debug|iPhoneSimulator.ActiveCfg = Debug|Any CPU
		{1C33599A-BAC2-4441-9245-2D821B1588B9}.Debug|iPhoneSimulator.Build.0 = Debug|Any CPU
		{1C33599A-BAC2-4441-9245-2D821B1588B9}.Debug|iPhoneSimulator.Deploy.0 = Debug|Any CPU
		{1C33599A-BAC2-4441-9245-2D821B1588B9}.Debug|x64.ActiveCfg = Debug|Any CPU
		{1C33599A-BAC2-4441-9245-2D821B1588B9}.Debug|x64.Build.0 = Debug|Any CPU
		{1C33599A-BAC2-4441-9245-2D821B1588B9}.Debug|x64.Deploy.0 = Debug|Any CPU
		{1C33599A-BAC2-4441-9245-2D821B1588B9}.Debug|x86.ActiveCfg = Debug|Any CPU
		{1C33599A-BAC2-4441-9245-2D821B1588B9}.Debug|x86.Build.0 = Debug|Any CPU
		{1C33599A-BAC2-4441-9245-2D821B1588B9}.Debug|x86.Deploy.0 = Debug|Any CPU
		{1C33599A-BAC2-4441-9245-2D821B1588B9}.Release|Any CPU.ActiveCfg = Release|Any CPU
		{1C33599A-BAC2-4441-9245-2D821B1588B9}.Release|Any CPU.Build.0 = Release|Any CPU
		{1C33599A-BAC2-4441-9245-2D821B1588B9}.Release|Any CPU.Deploy.0 = Release|Any CPU
		{1C33599A-BAC2-4441-9245-2D821B1588B9}.Release|ARM.ActiveCfg = Release|Any CPU
		{1C33599A-BAC2-4441-9245-2D821B1588B9}.Release|ARM.Build.0 = Release|Any CPU
		{1C33599A-BAC2-4441-9245-2D821B1588B9}.Release|ARM.Deploy.0 = Release|Any CPU
		{1C33599A-BAC2-4441-9245-2D821B1588B9}.Release|iPhone.ActiveCfg = Release|Any CPU
		{1C33599A-BAC2-4441-9245-2D821B1588B9}.Release|iPhone.Build.0 = Release|Any CPU
		{1C33599A-BAC2-4441-9245-2D821B1588B9}.Release|iPhone.Deploy.0 = Release|Any CPU
		{1C33599A-BAC2-4441-9245-2D821B1588B9}.Release|iPhoneSimulator.ActiveCfg = Release|Any CPU
		{1C33599A-BAC2-4441-9245-2D821B1588B9}.Release|iPhoneSimulator.Build.0 = Release|Any CPU
		{1C33599A-BAC2-4441-9245-2D821B1588B9}.Release|iPhoneSimulator.Deploy.0 = Release|Any CPU
		{1C33599A-BAC2-4441-9245-2D821B1588B9}.Release|x64.ActiveCfg = Release|Any CPU
		{1C33599A-BAC2-4441-9245-2D821B1588B9}.Release|x64.Build.0 = Release|Any CPU
		{1C33599A-BAC2-4441-9245-2D821B1588B9}.Release|x64.Deploy.0 = Release|Any CPU
		{1C33599A-BAC2-4441-9245-2D821B1588B9}.Release|x86.ActiveCfg = Release|Any CPU
		{1C33599A-BAC2-4441-9245-2D821B1588B9}.Release|x86.Build.0 = Release|Any CPU
		{1C33599A-BAC2-4441-9245-2D821B1588B9}.Release|x86.Deploy.0 = Release|Any CPU
	EndGlobalSection
	GlobalSection(SolutionProperties) = preSolution
		HideSolutionNode = FALSE
	EndGlobalSection
	GlobalSection(ExtensibilityGlobals) = postSolution
		SolutionGuid = {DA741921-01B7-4FD1-84E0-6840297BC883}
	EndGlobalSection
EndGlobal
